
Microsoft Visual Studio Solution File, Format Version 12.00
# Visual Studio 15
VisualStudioVersion = 15.0.26730.12
MinimumVisualStudioVersion = 10.0.40219.1
Project("{FAE04EC0-301F-11D3-BF4B-00C04F79EFBC}") = "HelloWorld", "HelloWorld\HelloWorld.csproj", "{765610BF-ABEE-42DD-9418-93816B27E932}"
EndProject
Global
	GlobalSection(SolutionConfigurationPlatforms) = preSolution
		Debug|Any CPU = Debug|Any CPU
		Release|Any CPU = Release|Any CPU
	EndGlobalSection
	GlobalSection(ProjectConfigurationPlatforms) = postSolution
		{765610BF-ABEE-42DD-9418-93816B27E932}.Debug|Any CPU.ActiveCfg = Debug|Any CPU
		{765610BF-ABEE-42DD-9418-93816B27E932}.Debug|Any CPU.Build.0 = Debug|Any CPU
		{765610BF-ABEE-42DD-9418-93816B27E932}.Release|Any CPU.ActiveCfg = Release|Any CPU
		{765610BF-ABEE-42DD-9418-93816B27E932}.Release|Any CPU.Build.0 = Release|Any CPU
	EndGlobalSection
	GlobalSection(SolutionProperties) = preSolution
		HideSolutionNode = FALSE
	EndGlobalSection
	GlobalSection(ExtensibilityGlobals) = postSolution
		SolutionGuid = {C1F4B1A1-A6BD-4C33-93F2-43565ADFA186}
	EndGlobalSection
EndGlobal
