
Microsoft Visual Studio Solution File, Format Version 12.00
# Visual Studio 15
VisualStudioVersion = 15.0.26730.12
MinimumVisualStudioVersion = 10.0.40219.1
Project("{FAE04EC0-301F-11D3-BF4B-00C04F79EFBC}") = "CodeKata", "CodeKata\CodeKata.csproj", "{36225156-CEDF-4903-A569-524D42B08977}"
EndProject
Global
	GlobalSection(SolutionConfigurationPlatforms) = preSolution
		Debug|Any CPU = Debug|Any CPU
		Release|Any CPU = Release|Any CPU
	EndGlobalSection
	GlobalSection(ProjectConfigurationPlatforms) = postSolution
		{36225156-CEDF-4903-A569-524D42B08977}.Debug|Any CPU.ActiveCfg = Debug|Any CPU
		{36225156-CEDF-4903-A569-524D42B08977}.Debug|Any CPU.Build.0 = Debug|Any CPU
		{36225156-CEDF-4903-A569-524D42B08977}.Release|Any CPU.ActiveCfg = Release|Any CPU
		{36225156-CEDF-4903-A569-524D42B08977}.Release|Any CPU.Build.0 = Release|Any CPU
	EndGlobalSection
	GlobalSection(SolutionProperties) = preSolution
		HideSolutionNode = FALSE
	EndGlobalSection
	GlobalSection(ExtensibilityGlobals) = postSolution
		SolutionGuid = {4F807553-87AA-4888-A2E4-1F00393D9AD9}
	EndGlobalSection
EndGlobal
